
Microsoft Visual Studio Solution File, Format Version 12.00
Project("{FAE04EC0-301F-11D3-BF4B-00C04F79EFBC}") = "dot_net_lab_4_sims_parody", "dot_net_lab_4_sims_parody\dot_net_lab_4_sims_parody.csproj", "{03D427ED-DEBA-434E-98F5-0BF6A2F9CEDA}"
EndProject
Global
	GlobalSection(SolutionConfigurationPlatforms) = preSolution
		Debug|Any CPU = Debug|Any CPU
		Release|Any CPU = Release|Any CPU
	EndGlobalSection
	GlobalSection(ProjectConfigurationPlatforms) = postSolution
		{03D427ED-DEBA-434E-98F5-0BF6A2F9CEDA}.Debug|Any CPU.ActiveCfg = Debug|Any CPU
		{03D427ED-DEBA-434E-98F5-0BF6A2F9CEDA}.Debug|Any CPU.Build.0 = Debug|Any CPU
		{03D427ED-DEBA-434E-98F5-0BF6A2F9CEDA}.Release|Any CPU.ActiveCfg = Release|Any CPU
		{03D427ED-DEBA-434E-98F5-0BF6A2F9CEDA}.Release|Any CPU.Build.0 = Release|Any CPU
	EndGlobalSection
EndGlobal
